{
  "name": "fis3-pure-php",
  "version": "0.0.1",
  "lockfileVersion": 1,
  "requires": true,
  "dependencies": {
    "acorn": {
      "version": "4.0.13",
      "resolved": "https://registry.npmjs.org/acorn/-/acorn-4.0.13.tgz",
      "integrity": "sha1-EFSVrlNh1pe9GVyCUZLhrX8lN4c="
    },
    "amdefine": {
      "version": "1.0.1",
      "resolved": "https://registry.npmjs.org/amdefine/-/amdefine-1.0.1.tgz",
      "integrity": "sha1-SlKCrBZHKek2Gbz9OtFR+BfOkfU="
    },
    "ast-types": {
      "version": "0.9.6",
      "resolved": "https://registry.npmjs.org/ast-types/-/ast-types-0.9.6.tgz",
      "integrity": "sha1-ECyenpAF0+fjgpvwxPok7oYu6bk="
    },
    "balanced-match": {
      "version": "1.0.0",
      "resolved": "https://registry.npmjs.org/balanced-match/-/balanced-match-1.0.0.tgz",
      "integrity": "sha1-ibTRmasr7kneFk6gK4nORi1xt2c="
    },
    "base62": {
      "version": "1.2.0",
      "resolved": "https://registry.npmjs.org/base62/-/base62-1.2.0.tgz",
      "integrity": "sha1-MeflYNyEbJ9EwaUx32UU2jVHQVc="
    },
    "brace-expansion": {
      "version": "1.1.8",
      "resolved": "https://registry.npmjs.org/brace-expansion/-/brace-expansion-1.1.8.tgz",
      "integrity": "sha1-wHshHHyVLsH479Uad+8NHTmQopI=",
      "requires": {
        "balanced-match": "1.0.0",
        "concat-map": "0.0.1"
      }
    },
    "commander": {
      "version": "2.11.0",
      "resolved": "https://registry.npmjs.org/commander/-/commander-2.11.0.tgz",
      "integrity": "sha512-b0553uYA5YAEGgyYIGYROzKQ7X5RAqedkfjiZxwi0kL1g3bOaBNNZfYkzt/CL0umgD5wc9Jec2FbB98CjkMRvQ=="
    },
    "commoner": {
      "version": "0.10.8",
      "resolved": "https://registry.npmjs.org/commoner/-/commoner-0.10.8.tgz",
      "integrity": "sha1-NPw2cs0kOT6LtH5wyqApOBH08sU=",
      "requires": {
        "commander": "2.11.0",
        "detective": "4.5.0",
        "glob": "5.0.15",
        "graceful-fs": "4.1.11",
        "iconv-lite": "0.4.18",
        "mkdirp": "0.5.1",
        "private": "0.1.7",
        "q": "1.5.0",
        "recast": "0.11.23"
      }
    },
    "concat-map": {
      "version": "0.0.1",
      "resolved": "https://registry.npmjs.org/concat-map/-/concat-map-0.0.1.tgz",
      "integrity": "sha1-2Klr13/Wjfd5OnMDajug1UBdR3s="
    },
    "d": {
      "version": "1.0.0",
      "resolved": "https://registry.npmjs.org/d/-/d-1.0.0.tgz",
      "integrity": "sha1-dUu1v+VUUdpppYuU1F9MWwRi1Y8=",
      "requires": {
        "es5-ext": "0.10.30"
      }
    },
    "defined": {
      "version": "1.0.0",
      "resolved": "https://registry.npmjs.org/defined/-/defined-1.0.0.tgz",
      "integrity": "sha1-yY2bzvdWdBiOEQlpFRGZ45sfppM="
    },
    "detective": {
      "version": "4.5.0",
      "resolved": "https://registry.npmjs.org/detective/-/detective-4.5.0.tgz",
      "integrity": "sha1-blqMaybmx6JUsca210kNmOyR7dE=",
      "requires": {
        "acorn": "4.0.13",
        "defined": "1.0.0"
      }
    },
    "es5-ext": {
      "version": "0.10.30",
      "resolved": "https://registry.npmjs.org/es5-ext/-/es5-ext-0.10.30.tgz",
      "integrity": "sha1-cUGhaDZpfbq/qq7uQUlc4p9SyTk=",
      "requires": {
        "es6-iterator": "2.0.1",
        "es6-symbol": "3.1.1"
      }
    },
    "es6-iterator": {
      "version": "2.0.1",
      "resolved": "https://registry.npmjs.org/es6-iterator/-/es6-iterator-2.0.1.tgz",
      "integrity": "sha1-jjGcnwRTv1ddN0lAplWSDlnKVRI=",
      "requires": {
        "d": "1.0.0",
        "es5-ext": "0.10.30",
        "es6-symbol": "3.1.1"
      }
    },
    "es6-map": {
      "version": "0.1.5",
      "resolved": "https://registry.npmjs.org/es6-map/-/es6-map-0.1.5.tgz",
      "integrity": "sha1-kTbgUD3MBqMBaQ8LsU/042TpSfA=",
      "requires": {
        "d": "1.0.0",
        "es5-ext": "0.10.30",
        "es6-iterator": "2.0.1",
        "es6-set": "0.1.5",
        "es6-symbol": "3.1.1",
        "event-emitter": "0.3.5"
      }
    },
    "es6-set": {
      "version": "0.1.5",
      "resolved": "https://registry.npmjs.org/es6-set/-/es6-set-0.1.5.tgz",
      "integrity": "sha1-0rPsXU2ADO2BjbU40ol02wpzzLE=",
      "requires": {
        "d": "1.0.0",
        "es5-ext": "0.10.30",
        "es6-iterator": "2.0.1",
        "es6-symbol": "3.1.1",
        "event-emitter": "0.3.5"
      }
    },
    "es6-symbol": {
      "version": "3.1.1",
      "resolved": "https://registry.npmjs.org/es6-symbol/-/es6-symbol-3.1.1.tgz",
      "integrity": "sha1-vwDvT9q2uhtG7Le2KbTH7VcVzHc=",
      "requires": {
        "d": "1.0.0",
        "es5-ext": "0.10.30"
      }
    },
    "es6-weak-map": {
      "version": "2.0.2",
      "resolved": "https://registry.npmjs.org/es6-weak-map/-/es6-weak-map-2.0.2.tgz",
      "integrity": "sha1-XjqzIlH/0VOKH45f+hNXdy+S2W8=",
      "requires": {
        "d": "1.0.0",
        "es5-ext": "0.10.30",
        "es6-iterator": "2.0.1",
        "es6-symbol": "3.1.1"
      }
    },
    "escope": {
      "version": "3.6.0",
      "resolved": "https://registry.npmjs.org/escope/-/escope-3.6.0.tgz",
      "integrity": "sha1-4Bl16BJ4GhY6ba392AOY3GTIicM=",
      "requires": {
        "es6-map": "0.1.5",
        "es6-weak-map": "2.0.2",
        "esrecurse": "4.2.0",
        "estraverse": "4.2.0"
      }
    },
    "esprima": {
      "version": "2.7.3",
      "resolved": "https://registry.npmjs.org/esprima/-/esprima-2.7.3.tgz",
      "integrity": "sha1-luO3DVd59q1JzQMmc9HDEnZ7pYE="
    },
    "esrecurse": {
      "version": "4.2.0",
      "resolved": "https://registry.npmjs.org/esrecurse/-/esrecurse-4.2.0.tgz",
      "integrity": "sha1-+pVo2Y04I/mkHZHpAtyrnqblsWM=",
      "requires": {
        "estraverse": "4.2.0",
        "object-assign": "4.1.1"
      }
    },
    "estraverse": {
      "version": "4.2.0",
      "resolved": "https://registry.npmjs.org/estraverse/-/estraverse-4.2.0.tgz",
      "integrity": "sha1-De4/7TH81GlhjOc0IJn8GvoL2xM="
    },
    "event-emitter": {
      "version": "0.3.5",
      "resolved": "https://registry.npmjs.org/event-emitter/-/event-emitter-0.3.5.tgz",
      "integrity": "sha1-34xp7vFkeSPHFXuc6DhAYQsCzDk=",
      "requires": {
        "d": "1.0.0",
        "es5-ext": "0.10.30"
      }
    },
    "fis3-hook-commonjs": {
      "version": "0.1.26",
      "resolved": "https://registry.npmjs.org/fis3-hook-commonjs/-/fis3-hook-commonjs-0.1.26.tgz",
      "integrity": "sha1-eEsYwg5J81bhZOoc0nCgWUL2FrU=",
      "requires": {
        "escope": "3.6.0",
        "esprima": "2.7.3",
        "jstransform": "11.0.3",
        "source-map": "0.5.7"
      }
    },
    "fis3-hook-module": {
      "version": "1.2.2",
      "resolved": "https://registry.npmjs.org/fis3-hook-module/-/fis3-hook-module-1.2.2.tgz",
      "integrity": "sha1-JsdSu15jVbgpyBOOtbopiWLnIpw=",
      "requires": {
        "escope": "1.0.3",
        "esprima": "2.7.3",
        "estraverse": "3.1.0"
      },
      "dependencies": {
        "escope": {
          "version": "1.0.3",
          "resolved": "https://registry.npmjs.org/escope/-/escope-1.0.3.tgz",
          "integrity": "sha1-dZ3OhJbEJI/sLQyq9BCLzz8af10=",
          "requires": {
            "estraverse": "2.0.0"
          },
          "dependencies": {
            "estraverse": {
              "version": "2.0.0",
              "resolved": "https://registry.npmjs.org/estraverse/-/estraverse-2.0.0.tgz",
              "integrity": "sha1-WuRpYyQ2ACBmdMyySgnhZnT83KE="
            }
          }
        },
        "estraverse": {
          "version": "3.1.0",
          "resolved": "https://registry.npmjs.org/estraverse/-/estraverse-3.1.0.tgz",
          "integrity": "sha1-FeKKRGuLgrxwDMyLlseK9NoNbLo="
        }
      }
    },
    "fis3-hook-node_modules": {
      "version": "2.2.8",
      "resolved": "https://registry.npmjs.org/fis3-hook-node_modules/-/fis3-hook-node_modules-2.2.8.tgz",
      "integrity": "sha1-EtlWqtaO+htK6QDuzYMNvoRfmYI=",
      "requires": {
        "semver": "5.4.1"
      }
    },
    "glob": {
      "version": "5.0.15",
      "resolved": "https://registry.npmjs.org/glob/-/glob-5.0.15.tgz",
      "integrity": "sha1-G8k2ueAvSmA/zCIuz3Yz0wuLk7E=",
      "requires": {
        "inflight": "1.0.6",
        "inherits": "2.0.3",
        "minimatch": "3.0.4",
        "once": "1.4.0",
        "path-is-absolute": "1.0.1"
      }
    },
    "graceful-fs": {
      "version": "4.1.11",
      "resolved": "https://registry.npmjs.org/graceful-fs/-/graceful-fs-4.1.11.tgz",
      "integrity": "sha1-Dovf5NHduIVNZOBOp8AOKgJuVlg="
    },
    "iconv-lite": {
      "version": "0.4.18",
      "resolved": "https://registry.npmjs.org/iconv-lite/-/iconv-lite-0.4.18.tgz",
      "integrity": "sha512-sr1ZQph3UwHTR0XftSbK85OvBbxe/abLGzEnPENCQwmHf7sck8Oyu4ob3LgBxWWxRoM+QszeUyl7jbqapu2TqA=="
    },
    "inflight": {
      "version": "1.0.6",
      "resolved": "https://registry.npmjs.org/inflight/-/inflight-1.0.6.tgz",
      "integrity": "sha1-Sb1jMdfQLQwJvJEKEHW6gWW1bfk=",
      "requires": {
        "once": "1.4.0",
        "wrappy": "1.0.2"
      }
    },
    "inherits": {
      "version": "2.0.3",
      "resolved": "https://registry.npmjs.org/inherits/-/inherits-2.0.3.tgz",
      "integrity": "sha1-Yzwsg+PaQqUC9SRmAiSA9CCCYd4="
    },
    "jstransform": {
      "version": "11.0.3",
      "resolved": "https://registry.npmjs.org/jstransform/-/jstransform-11.0.3.tgz",
      "integrity": "sha1-CaeJk+CuTU70SH9hVakfYZDLQiM=",
      "requires": {
        "base62": "1.2.0",
        "commoner": "0.10.8",
        "esprima-fb": "15001.1.0-dev-harmony-fb",
        "object-assign": "2.1.1",
        "source-map": "0.4.4"
      },
      "dependencies": {
        "esprima-fb": {
          "version": "15001.1.0-dev-harmony-fb",
          "resolved": "https://registry.npmjs.org/esprima-fb/-/esprima-fb-15001.1.0-dev-harmony-fb.tgz",
          "integrity": "sha1-MKlHMDxrjV6VW+4rmbHSMyBqaQE="
        },
        "object-assign": {
          "version": "2.1.1",
          "resolved": "https://registry.npmjs.org/object-assign/-/object-assign-2.1.1.tgz",
          "integrity": "sha1-Q8NuXVaf+OSBbE76i+AtJpZ8GKo="
        },
        "source-map": {
          "version": "0.4.4",
          "resolved": "https://registry.npmjs.org/source-map/-/source-map-0.4.4.tgz",
          "integrity": "sha1-66T12pwNyZneaAMti092FzZSA2s=",
          "requires": {
            "amdefine": "1.0.1"
          }
        }
      }
    },
    "minimatch": {
      "version": "3.0.4",
      "resolved": "https://registry.npmjs.org/minimatch/-/minimatch-3.0.4.tgz",
      "integrity": "sha512-yJHVQEhyqPLUTgt9B83PXu6W3rx4MvvHvSUvToogpwoGDOUQ+yDrR0HRot+yOCdCO7u4hX3pWft6kWBBcqh0UA==",
      "requires": {
        "brace-expansion": "1.1.8"
      }
    },
    "minimist": {
      "version": "0.0.8",
      "resolved": "https://registry.npmjs.org/minimist/-/minimist-0.0.8.tgz",
      "integrity": "sha1-hX/Kv8M5fSYluCKCYuhqp6ARsF0="
    },
    "mkdirp": {
      "version": "0.5.1",
      "resolved": "https://registry.npmjs.org/mkdirp/-/mkdirp-0.5.1.tgz",
      "integrity": "sha1-MAV0OOrGz3+MR2fzhkjWaX11yQM=",
      "requires": {
        "minimist": "0.0.8"
      }
    },
    "nodekl": {
      "version": "git+https://github.com/wowngasb/nodekl.git#b11625c61a5b217e568e0e89a3d2b9a13f8266fa"
    },
    "object-assign": {
      "version": "4.1.1",
      "resolved": "https://registry.npmjs.org/object-assign/-/object-assign-4.1.1.tgz",
      "integrity": "sha1-IQmtx5ZYh8/AXLvUQsrIv7s2CGM="
    },
    "once": {
      "version": "1.4.0",
      "resolved": "https://registry.npmjs.org/once/-/once-1.4.0.tgz",
      "integrity": "sha1-WDsap3WWHUsROsF9nFC6753Xa9E=",
      "requires": {
        "wrappy": "1.0.2"
      }
    },
    "path-is-absolute": {
      "version": "1.0.1",
      "resolved": "https://registry.npmjs.org/path-is-absolute/-/path-is-absolute-1.0.1.tgz",
      "integrity": "sha1-F0uSaHNVNP+8es5r9TpanhtcX18="
    },
    "private": {
      "version": "0.1.7",
      "resolved": "https://registry.npmjs.org/private/-/private-0.1.7.tgz",
      "integrity": "sha1-aM5eih7woju1cMwoU3tTMqumPvE="
    },
    "q": {
      "version": "1.5.0",
      "resolved": "https://registry.npmjs.org/q/-/q-1.5.0.tgz",
      "integrity": "sha1-3QG6ydBtMObyGa7LglPunr3DCPE="
    },
    "recast": {
      "version": "0.11.23",
      "resolved": "https://registry.npmjs.org/recast/-/recast-0.11.23.tgz",
      "integrity": "sha1-RR/TAEqx5N+bTktmN2sqIZEkYtM=",
      "requires": {
        "ast-types": "0.9.6",
        "esprima": "3.1.3",
        "private": "0.1.7",
        "source-map": "0.5.7"
      },
      "dependencies": {
        "esprima": {
          "version": "3.1.3",
          "resolved": "https://registry.npmjs.org/esprima/-/esprima-3.1.3.tgz",
          "integrity": "sha1-/cpRzuYTOJXjyI1TXOSdv/YqRjM="
        }
      }
    },
    "semver": {
      "version": "5.4.1",
      "resolved": "https://registry.npmjs.org/semver/-/semver-5.4.1.tgz",
      "integrity": "sha512-WfG/X9+oATh81XtllIo/I8gOiY9EXRdv1cQdyykeXK17YcUW3EXUAi2To4pcH6nZtJPr7ZOpM5OMyWJZm+8Rsg=="
    },
    "source-map": {
      "version": "0.5.7",
      "resolved": "https://registry.npmjs.org/source-map/-/source-map-0.5.7.tgz",
      "integrity": "sha1-igOdLRAh0i0eoUyA2OpGi6LvP8w="
    },
    "wrappy": {
      "version": "1.0.2",
      "resolved": "https://registry.npmjs.org/wrappy/-/wrappy-1.0.2.tgz",
      "integrity": "sha1-tSQ9jz7BqjXxNkYFvA0QNuMKtp8="
    }
  }
}
